// !$*UTF8*$!
{
	archiveVersion = 1;
	classes = {
	};
	objectVersion = 50;
	objects = {

/* Begin PBXBuildFile section */
		C33C72CF2189FA0600850A42 /* UIViewController+CYViewPush.m in Sources */ = {isa = PBXBuildFile; fileRef = C33C72BB2189FA0600850A42 /* UIViewController+CYViewPush.m */; };
		C33C72D02189FA0600850A42 /* UINavigationController+CYPushPop.m in Sources */ = {isa = PBXBuildFile; fileRef = C33C72BD2189FA0600850A42 /* UINavigationController+CYPushPop.m */; };
		C33C72D12189FA0600850A42 /* CYTrackingManager.m in Sources */ = {isa = PBXBuildFile; fileRef = C33C72C02189FA0600850A42 /* CYTrackingManager.m */; };
		C33C72D22189FA0600850A42 /* CYNodeManager.m in Sources */ = {isa = PBXBuildFile; fileRef = C33C72C22189FA0600850A42 /* CYNodeManager.m */; };
		C33C72D32189FA0600850A42 /* UITabBarItem+CYSelect.m in Sources */ = {isa = PBXBuildFile; fileRef = C33C72C32189FA0600850A42 /* UITabBarItem+CYSelect.m */; };
		C33C72D42189FA0600850A42 /* UIApplication+CYClick.m in Sources */ = {isa = PBXBuildFile; fileRef = C33C72C42189FA0600850A42 /* UIApplication+CYClick.m */; };
		C33C72D52189FA0600850A42 /* UITabBar+CYSelectVC.m in Sources */ = {isa = PBXBuildFile; fileRef = C33C72C62189FA0600850A42 /* UITabBar+CYSelectVC.m */; };
		C33C72D62189FA0600850A42 /* UIButton+SaveImageName.m in Sources */ = {isa = PBXBuildFile; fileRef = C33C72C92189FA0600850A42 /* UIButton+SaveImageName.m */; };
		C33C72D72189FA0600850A42 /* UITabBarController+CYPush.m in Sources */ = {isa = PBXBuildFile; fileRef = C33C72CA2189FA0600850A42 /* UITabBarController+CYPush.m */; };
		C33C72D82189FA0600850A42 /* UIImage+SaveImageName.m in Sources */ = {isa = PBXBuildFile; fileRef = C33C72CD2189FA0600850A42 /* UIImage+SaveImageName.m */; };
		C342F6B92188D3B100F38897 /* UIViewController+addMethod.m in Sources */ = {isa = PBXBuildFile; fileRef = C342F6B82188D3B100F38897 /* UIViewController+addMethod.m */; };
		C342F6BC2188D85500F38897 /* TestObj.m in Sources */ = {isa = PBXBuildFile; fileRef = C342F6BB2188D85500F38897 /* TestObj.m */; };
		C342F6F8218AAAEC00F38897 /* cy_trace_command.json in Resources */ = {isa = PBXBuildFile; fileRef = C342F6F7218AAAEC00F38897 /* cy_trace_command.json */; };
		C342F702218C2FC500F38897 /* CYFPSLabel.m in Sources */ = {isa = PBXBuildFile; fileRef = C342F701218C2FC500F38897 /* CYFPSLabel.m */; };
		C342F70721952F3D00F38897 /* UITableViewCell+CYSelCell.m in Sources */ = {isa = PBXBuildFile; fileRef = C342F70621952F3D00F38897 /* UITableViewCell+CYSelCell.m */; };
		C35EFCA5218697B50050E0F3 /* AppDelegate.m in Sources */ = {isa = PBXBuildFile; fileRef = C35EFCA4218697B50050E0F3 /* AppDelegate.m */; };
		C35EFCA8218697B60050E0F3 /* ViewController.m in Sources */ = {isa = PBXBuildFile; fileRef = C35EFCA7218697B60050E0F3 /* ViewController.m */; };
		C35EFCAB218697B60050E0F3 /* Main.storyboard in Resources */ = {isa = PBXBuildFile; fileRef = C35EFCA9218697B60050E0F3 /* Main.storyboard */; };
		C35EFCAD218697BB0050E0F3 /* Assets.xcassets in Resources */ = {isa = PBXBuildFile; fileRef = C35EFCAC218697BB0050E0F3 /* Assets.xcassets */; };
		C35EFCB0218697BB0050E0F3 /* LaunchScreen.storyboard in Resources */ = {isa = PBXBuildFile; fileRef = C35EFCAE218697BB0050E0F3 /* LaunchScreen.storyboard */; };
		C35EFCB3218697BB0050E0F3 /* main.m in Sources */ = {isa = PBXBuildFile; fileRef = C35EFCB2218697BB0050E0F3 /* main.m */; };
		C35EFCBD218697BB0050E0F3 /* PieDemoTests.m in Sources */ = {isa = PBXBuildFile; fileRef = C35EFCBC218697BB0050E0F3 /* PieDemoTests.m */; };
		C35EFCC8218697BC0050E0F3 /* PieDemoUITests.m in Sources */ = {isa = PBXBuildFile; fileRef = C35EFCC7218697BC0050E0F3 /* PieDemoUITests.m */; };
		C35EFCDB21869EB20050E0F3 /* CYPieView.m in Sources */ = {isa = PBXBuildFile; fileRef = C35EFCD921869EB20050E0F3 /* CYPieView.m */; };
		C35EFCDE21869EFB0050E0F3 /* RouteManager.m in Sources */ = {isa = PBXBuildFile; fileRef = C35EFCDD21869EFB0050E0F3 /* RouteManager.m */; };
		C35EFCE52187ED030050E0F3 /* CYButton.m in Sources */ = {isa = PBXBuildFile; fileRef = C35EFCE42187ED030050E0F3 /* CYButton.m */; };
		C3F31995219D3F0100CD2FA9 /* CollectionViewController.m in Sources */ = {isa = PBXBuildFile; fileRef = C3F31994219D3F0100CD2FA9 /* CollectionViewController.m */; };
		C3F31998219D421B00CD2FA9 /* CollectionViewCell.m in Sources */ = {isa = PBXBuildFile; fileRef = C3F31997219D421B00CD2FA9 /* CollectionViewCell.m */; };
		C3F3199B219D460500CD2FA9 /* TableViewController.m in Sources */ = {isa = PBXBuildFile; fileRef = C3F3199A219D460500CD2FA9 /* TableViewController.m */; };
		C3F3199E219D463800CD2FA9 /* TableViewCell.m in Sources */ = {isa = PBXBuildFile; fileRef = C3F3199D219D463800CD2FA9 /* TableViewCell.m */; };
/* End PBXBuildFile section */

/* Begin PBXContainerItemProxy section */
		C35EFCB9218697BB0050E0F3 /* PBXContainerItemProxy */ = {
			isa = PBXContainerItemProxy;
			containerPortal = C35EFC98218697B50050E0F3 /* Project object */;
			proxyType = 1;
			remoteGlobalIDString = C35EFC9F218697B50050E0F3;
			remoteInfo = PieDemo;
		};
		C35EFCC4218697BC0050E0F3 /* PBXContainerItemProxy */ = {
			isa = PBXContainerItemProxy;
			containerPortal = C35EFC98218697B50050E0F3 /* Project object */;
			proxyType = 1;
			remoteGlobalIDString = C35EFC9F218697B50050E0F3;
			remoteInfo = PieDemo;
		};
/* End PBXContainerItemProxy section */

/* Begin PBXFileReference section */
		C33C72BB2189FA0600850A42 /* UIViewController+CYViewPush.m */ = {isa = PBXFileReference; fileEncoding = 4; lastKnownFileType = sourcecode.c.objc; path = "UIViewController+CYViewPush.m"; sourceTree = "<group>"; };
		C33C72BC2189FA0600850A42 /* UITabBar+CYSelectVC.h */ = {isa = PBXFileReference; fileEncoding = 4; lastKnownFileType = sourcecode.c.h; path = "UITabBar+CYSelectVC.h"; sourceTree = "<group>"; };
		C33C72BD2189FA0600850A42 /* UINavigationController+CYPushPop.m */ = {isa = PBXFileReference; fileEncoding = 4; lastKnownFileType = sourcecode.c.objc; path = "UINavigationController+CYPushPop.m"; sourceTree = "<group>"; };
		C33C72BE2189FA0600850A42 /* UITabBarController+CYPush.h */ = {isa = PBXFileReference; fileEncoding = 4; lastKnownFileType = sourcecode.c.h; path = "UITabBarController+CYPush.h"; sourceTree = "<group>"; };
		C33C72BF2189FA0600850A42 /* UIButton+SaveImageName.h */ = {isa = PBXFileReference; fileEncoding = 4; lastKnownFileType = sourcecode.c.h; path = "UIButton+SaveImageName.h"; sourceTree = "<group>"; };
		C33C72C02189FA0600850A42 /* CYTrackingManager.m */ = {isa = PBXFileReference; fileEncoding = 4; lastKnownFileType = sourcecode.c.objc; path = CYTrackingManager.m; sourceTree = "<group>"; };
		C33C72C12189FA0600850A42 /* UIImage+SaveImageName.h */ = {isa = PBXFileReference; fileEncoding = 4; lastKnownFileType = sourcecode.c.h; path = "UIImage+SaveImageName.h"; sourceTree = "<group>"; };
		C33C72C22189FA0600850A42 /* CYNodeManager.m */ = {isa = PBXFileReference; fileEncoding = 4; lastKnownFileType = sourcecode.c.objc; path = CYNodeManager.m; sourceTree = "<group>"; };
		C33C72C32189FA0600850A42 /* UITabBarItem+CYSelect.m */ = {isa = PBXFileReference; fileEncoding = 4; lastKnownFileType = sourcecode.c.objc; path = "UITabBarItem+CYSelect.m"; sourceTree = "<group>"; };
		C33C72C42189FA0600850A42 /* UIApplication+CYClick.m */ = {isa = PBXFileReference; fileEncoding = 4; lastKnownFileType = sourcecode.c.objc; path = "UIApplication+CYClick.m"; sourceTree = "<group>"; };
		C33C72C52189FA0600850A42 /* UINavigationController+CYPushPop.h */ = {isa = PBXFileReference; fileEncoding = 4; lastKnownFileType = sourcecode.c.h; path = "UINavigationController+CYPushPop.h"; sourceTree = "<group>"; };
		C33C72C62189FA0600850A42 /* UITabBar+CYSelectVC.m */ = {isa = PBXFileReference; fileEncoding = 4; lastKnownFileType = sourcecode.c.objc; path = "UITabBar+CYSelectVC.m"; sourceTree = "<group>"; };
		C33C72C72189FA0600850A42 /* UIViewController+CYViewPush.h */ = {isa = PBXFileReference; fileEncoding = 4; lastKnownFileType = sourcecode.c.h; path = "UIViewController+CYViewPush.h"; sourceTree = "<group>"; };
		C33C72C82189FA0600850A42 /* CYTrackingManager.h */ = {isa = PBXFileReference; fileEncoding = 4; lastKnownFileType = sourcecode.c.h; path = CYTrackingManager.h; sourceTree = "<group>"; };
		C33C72C92189FA0600850A42 /* UIButton+SaveImageName.m */ = {isa = PBXFileReference; fileEncoding = 4; lastKnownFileType = sourcecode.c.objc; path = "UIButton+SaveImageName.m"; sourceTree = "<group>"; };
		C33C72CA2189FA0600850A42 /* UITabBarController+CYPush.m */ = {isa = PBXFileReference; fileEncoding = 4; lastKnownFileType = sourcecode.c.objc; path = "UITabBarController+CYPush.m"; sourceTree = "<group>"; };
		C33C72CB2189FA0600850A42 /* UITabBarItem+CYSelect.h */ = {isa = PBXFileReference; fileEncoding = 4; lastKnownFileType = sourcecode.c.h; path = "UITabBarItem+CYSelect.h"; sourceTree = "<group>"; };
		C33C72CC2189FA0600850A42 /* CYNodeManager.h */ = {isa = PBXFileReference; fileEncoding = 4; lastKnownFileType = sourcecode.c.h; path = CYNodeManager.h; sourceTree = "<group>"; };
		C33C72CD2189FA0600850A42 /* UIImage+SaveImageName.m */ = {isa = PBXFileReference; fileEncoding = 4; lastKnownFileType = sourcecode.c.objc; path = "UIImage+SaveImageName.m"; sourceTree = "<group>"; };
		C33C72CE2189FA0600850A42 /* UIApplication+CYClick.h */ = {isa = PBXFileReference; fileEncoding = 4; lastKnownFileType = sourcecode.c.h; path = "UIApplication+CYClick.h"; sourceTree = "<group>"; };
		C342F6B72188D3B100F38897 /* UIViewController+addMethod.h */ = {isa = PBXFileReference; lastKnownFileType = sourcecode.c.h; path = "UIViewController+addMethod.h"; sourceTree = "<group>"; };
		C342F6B82188D3B100F38897 /* UIViewController+addMethod.m */ = {isa = PBXFileReference; lastKnownFileType = sourcecode.c.objc; path = "UIViewController+addMethod.m"; sourceTree = "<group>"; };
		C342F6BA2188D85500F38897 /* TestObj.h */ = {isa = PBXFileReference; lastKnownFileType = sourcecode.c.h; path = TestObj.h; sourceTree = "<group>"; };
		C342F6BB2188D85500F38897 /* TestObj.m */ = {isa = PBXFileReference; lastKnownFileType = sourcecode.c.objc; path = TestObj.m; sourceTree = "<group>"; };
		C342F6F7218AAAEC00F38897 /* cy_trace_command.json */ = {isa = PBXFileReference; fileEncoding = 4; lastKnownFileType = text.json; path = cy_trace_command.json; sourceTree = "<group>"; };
		C342F700218C2FC500F38897 /* CYFPSLabel.h */ = {isa = PBXFileReference; lastKnownFileType = sourcecode.c.h; path = CYFPSLabel.h; sourceTree = "<group>"; };
		C342F701218C2FC500F38897 /* CYFPSLabel.m */ = {isa = PBXFileReference; lastKnownFileType = sourcecode.c.objc; path = CYFPSLabel.m; sourceTree = "<group>"; };
		C342F70521952F3D00F38897 /* UITableViewCell+CYSelCell.h */ = {isa = PBXFileReference; lastKnownFileType = sourcecode.c.h; path = "UITableViewCell+CYSelCell.h"; sourceTree = "<group>"; };
		C342F70621952F3D00F38897 /* UITableViewCell+CYSelCell.m */ = {isa = PBXFileReference; lastKnownFileType = sourcecode.c.objc; path = "UITableViewCell+CYSelCell.m"; sourceTree = "<group>"; };
		C35EFCA0218697B50050E0F3 /* PieDemo.app */ = {isa = PBXFileReference; explicitFileType = wrapper.application; includeInIndex = 0; path = PieDemo.app; sourceTree = BUILT_PRODUCTS_DIR; };
		C35EFCA3218697B50050E0F3 /* AppDelegate.h */ = {isa = PBXFileReference; lastKnownFileType = sourcecode.c.h; path = AppDelegate.h; sourceTree = "<group>"; };
		C35EFCA4218697B50050E0F3 /* AppDelegate.m */ = {isa = PBXFileReference; lastKnownFileType = sourcecode.c.objc; path = AppDelegate.m; sourceTree = "<group>"; };
		C35EFCA6218697B60050E0F3 /* ViewController.h */ = {isa = PBXFileReference; lastKnownFileType = sourcecode.c.h; path = ViewController.h; sourceTree = "<group>"; };
		C35EFCA7218697B60050E0F3 /* ViewController.m */ = {isa = PBXFileReference; lastKnownFileType = sourcecode.c.objc; path = ViewController.m; sourceTree = "<group>"; };
		C35EFCAA218697B60050E0F3 /* Base */ = {isa = PBXFileReference; lastKnownFileType = file.storyboard; name = Base; path = Base.lproj/Main.storyboard; sourceTree = "<group>"; };
		C35EFCAC218697BB0050E0F3 /* Assets.xcassets */ = {isa = PBXFileReference; lastKnownFileType = folder.assetcatalog; path = Assets.xcassets; sourceTree = "<group>"; };
		C35EFCAF218697BB0050E0F3 /* Base */ = {isa = PBXFileReference; lastKnownFileType = file.storyboard; name = Base; path = Base.lproj/LaunchScreen.storyboard; sourceTree = "<group>"; };
		C35EFCB1218697BB0050E0F3 /* Info.plist */ = {isa = PBXFileReference; lastKnownFileType = text.plist.xml; path = Info.plist; sourceTree = "<group>"; };
		C35EFCB2218697BB0050E0F3 /* main.m */ = {isa = PBXFileReference; lastKnownFileType = sourcecode.c.objc; path = main.m; sourceTree = "<group>"; };
		C35EFCB8218697BB0050E0F3 /* PieDemoTests.xctest */ = {isa = PBXFileReference; explicitFileType = wrapper.cfbundle; includeInIndex = 0; path = PieDemoTests.xctest; sourceTree = BUILT_PRODUCTS_DIR; };
		C35EFCBC218697BB0050E0F3 /* PieDemoTests.m */ = {isa = PBXFileReference; lastKnownFileType = sourcecode.c.objc; path = PieDemoTests.m; sourceTree = "<group>"; };
		C35EFCBE218697BB0050E0F3 /* Info.plist */ = {isa = PBXFileReference; lastKnownFileType = text.plist.xml; path = Info.plist; sourceTree = "<group>"; };
		C35EFCC3218697BC0050E0F3 /* PieDemoUITests.xctest */ = {isa = PBXFileReference; explicitFileType = wrapper.cfbundle; includeInIndex = 0; path = PieDemoUITests.xctest; sourceTree = BUILT_PRODUCTS_DIR; };
		C35EFCC7218697BC0050E0F3 /* PieDemoUITests.m */ = {isa = PBXFileReference; lastKnownFileType = sourcecode.c.objc; path = PieDemoUITests.m; sourceTree = "<group>"; };
		C35EFCC9218697BC0050E0F3 /* Info.plist */ = {isa = PBXFileReference; lastKnownFileType = text.plist.xml; path = Info.plist; sourceTree = "<group>"; };
		C35EFCD921869EB20050E0F3 /* CYPieView.m */ = {isa = PBXFileReference; fileEncoding = 4; lastKnownFileType = sourcecode.c.objc; path = CYPieView.m; sourceTree = "<group>"; };
		C35EFCDA21869EB20050E0F3 /* CYPieView.h */ = {isa = PBXFileReference; fileEncoding = 4; lastKnownFileType = sourcecode.c.h; path = CYPieView.h; sourceTree = "<group>"; };
		C35EFCDC21869EFB0050E0F3 /* RouteManager.h */ = {isa = PBXFileReference; lastKnownFileType = sourcecode.c.h; path = RouteManager.h; sourceTree = "<group>"; };
		C35EFCDD21869EFB0050E0F3 /* RouteManager.m */ = {isa = PBXFileReference; lastKnownFileType = sourcecode.c.objc; path = RouteManager.m; sourceTree = "<group>"; };
		C35EFCDF2186A1290050E0F3 /* PrefixHeader.pch */ = {isa = PBXFileReference; lastKnownFileType = sourcecode.c.h; path = PrefixHeader.pch; sourceTree = "<group>"; };
		C35EFCE32187ED030050E0F3 /* CYButton.h */ = {isa = PBXFileReference; lastKnownFileType = sourcecode.c.h; path = CYButton.h; sourceTree = "<group>"; };
		C35EFCE42187ED030050E0F3 /* CYButton.m */ = {isa = PBXFileReference; lastKnownFileType = sourcecode.c.objc; path = CYButton.m; sourceTree = "<group>"; };
		C3F31993219D3F0100CD2FA9 /* CollectionViewController.h */ = {isa = PBXFileReference; lastKnownFileType = sourcecode.c.h; path = CollectionViewController.h; sourceTree = "<group>"; };
		C3F31994219D3F0100CD2FA9 /* CollectionViewController.m */ = {isa = PBXFileReference; lastKnownFileType = sourcecode.c.objc; path = CollectionViewController.m; sourceTree = "<group>"; };
		C3F31996219D421B00CD2FA9 /* CollectionViewCell.h */ = {isa = PBXFileReference; lastKnownFileType = sourcecode.c.h; path = CollectionViewCell.h; sourceTree = "<group>"; };
		C3F31997219D421B00CD2FA9 /* CollectionViewCell.m */ = {isa = PBXFileReference; lastKnownFileType = sourcecode.c.objc; path = CollectionViewCell.m; sourceTree = "<group>"; };
		C3F31999219D460500CD2FA9 /* TableViewController.h */ = {isa = PBXFileReference; lastKnownFileType = sourcecode.c.h; path = TableViewController.h; sourceTree = "<group>"; };
		C3F3199A219D460500CD2FA9 /* TableViewController.m */ = {isa = PBXFileReference; lastKnownFileType = sourcecode.c.objc; path = TableViewController.m; sourceTree = "<group>"; };
		C3F3199C219D463800CD2FA9 /* TableViewCell.h */ = {isa = PBXFileReference; lastKnownFileType = sourcecode.c.h; path = TableViewCell.h; sourceTree = "<group>"; };
		C3F3199D219D463800CD2FA9 /* TableViewCell.m */ = {isa = PBXFileReference; lastKnownFileType = sourcecode.c.objc; path = TableViewCell.m; sourceTree = "<group>"; };
/* End PBXFileReference section */

/* Begin PBXFrameworksBuildPhase section */
		C35EFC9D218697B50050E0F3 /* Frameworks */ = {
			isa = PBXFrameworksBuildPhase;
			buildActionMask = 2147483647;
			files = (
			);
			runOnlyForDeploymentPostprocessing = 0;
		};
		C35EFCB5218697BB0050E0F3 /* Frameworks */ = {
			isa = PBXFrameworksBuildPhase;
			buildActionMask = 2147483647;
			files = (
			);
			runOnlyForDeploymentPostprocessing = 0;
		};
		C35EFCC0218697BC0050E0F3 /* Frameworks */ = {
			isa = PBXFrameworksBuildPhase;
			buildActionMask = 2147483647;
			files = (
			);
			runOnlyForDeploymentPostprocessing = 0;
		};
/* End PBXFrameworksBuildPhase section */

/* Begin PBXGroup section */
		C33C72BA2189FA0600850A42 /* CYTracking */ = {
			isa = PBXGroup;
			children = (
				C342F6F7218AAAEC00F38897 /* cy_trace_command.json */,
				C33C72BB2189FA0600850A42 /* UIViewController+CYViewPush.m */,
				C33C72BC2189FA0600850A42 /* UITabBar+CYSelectVC.h */,
				C33C72BD2189FA0600850A42 /* UINavigationController+CYPushPop.m */,
				C33C72BE2189FA0600850A42 /* UITabBarController+CYPush.h */,
				C33C72BF2189FA0600850A42 /* UIButton+SaveImageName.h */,
				C33C72C12189FA0600850A42 /* UIImage+SaveImageName.h */,
				C33C72CC2189FA0600850A42 /* CYNodeManager.h */,
				C33C72C22189FA0600850A42 /* CYNodeManager.m */,
				C33C72C32189FA0600850A42 /* UITabBarItem+CYSelect.m */,
				C33C72C42189FA0600850A42 /* UIApplication+CYClick.m */,
				C33C72C52189FA0600850A42 /* UINavigationController+CYPushPop.h */,
				C33C72C62189FA0600850A42 /* UITabBar+CYSelectVC.m */,
				C33C72C72189FA0600850A42 /* UIViewController+CYViewPush.h */,
				C33C72C82189FA0600850A42 /* CYTrackingManager.h */,
				C33C72C02189FA0600850A42 /* CYTrackingManager.m */,
				C33C72C92189FA0600850A42 /* UIButton+SaveImageName.m */,
				C33C72CA2189FA0600850A42 /* UITabBarController+CYPush.m */,
				C33C72CB2189FA0600850A42 /* UITabBarItem+CYSelect.h */,
				C33C72CD2189FA0600850A42 /* UIImage+SaveImageName.m */,
				C33C72CE2189FA0600850A42 /* UIApplication+CYClick.h */,
				C342F70521952F3D00F38897 /* UITableViewCell+CYSelCell.h */,
				C342F70621952F3D00F38897 /* UITableViewCell+CYSelCell.m */,
			);
			name = CYTracking;
			path = PieDemo/CYTracking;
			sourceTree = SOURCE_ROOT;
		};
		C342F6FF218C2F0A00F38897 /* FPS */ = {
			isa = PBXGroup;
			children = (
			);
			path = FPS;
			sourceTree = "<group>";
		};
		C35EFC97218697B50050E0F3 = {
			isa = PBXGroup;
			children = (
				C35EFCA2218697B50050E0F3 /* PieDemo */,
				C35EFCBB218697BB0050E0F3 /* PieDemoTests */,
				C35EFCC6218697BC0050E0F3 /* PieDemoUITests */,
				C35EFCA1218697B50050E0F3 /* Products */,
			);
			sourceTree = "<group>";
		};
		C35EFCA1218697B50050E0F3 /* Products */ = {
			isa = PBXGroup;
			children = (
				C35EFCA0218697B50050E0F3 /* PieDemo.app */,
				C35EFCB8218697BB0050E0F3 /* PieDemoTests.xctest */,
				C35EFCC3218697BC0050E0F3 /* PieDemoUITests.xctest */,
			);
			name = Products;
			sourceTree = "<group>";
		};
		C35EFCA2218697B50050E0F3 /* PieDemo */ = {
			isa = PBXGroup;
			children = (
				C342F6FF218C2F0A00F38897 /* FPS */,
				C33C72BA2189FA0600850A42 /* CYTracking */,
				C35EFCD821869EB20050E0F3 /* CYUIKit */,
				C35EFCA3218697B50050E0F3 /* AppDelegate.h */,
				C35EFCA4218697B50050E0F3 /* AppDelegate.m */,
				C35EFCA6218697B60050E0F3 /* ViewController.h */,
				C35EFCA7218697B60050E0F3 /* ViewController.m */,
				C3F31999219D460500CD2FA9 /* TableViewController.h */,
				C3F3199A219D460500CD2FA9 /* TableViewController.m */,
				C3F3199C219D463800CD2FA9 /* TableViewCell.h */,
				C3F3199D219D463800CD2FA9 /* TableViewCell.m */,
				C3F31993219D3F0100CD2FA9 /* CollectionViewController.h */,
				C3F31994219D3F0100CD2FA9 /* CollectionViewController.m */,
				C3F31996219D421B00CD2FA9 /* CollectionViewCell.h */,
				C3F31997219D421B00CD2FA9 /* CollectionViewCell.m */,
				C342F6BA2188D85500F38897 /* TestObj.h */,
				C342F6BB2188D85500F38897 /* TestObj.m */,
				C342F6B72188D3B100F38897 /* UIViewController+addMethod.h */,
				C342F6B82188D3B100F38897 /* UIViewController+addMethod.m */,
				C35EFCE32187ED030050E0F3 /* CYButton.h */,
				C35EFCE42187ED030050E0F3 /* CYButton.m */,
				C35EFCDC21869EFB0050E0F3 /* RouteManager.h */,
				C35EFCDD21869EFB0050E0F3 /* RouteManager.m */,
				C35EFCA9218697B60050E0F3 /* Main.storyboard */,
				C35EFCAC218697BB0050E0F3 /* Assets.xcassets */,
				C35EFCAE218697BB0050E0F3 /* LaunchScreen.storyboard */,
				C35EFCB1218697BB0050E0F3 /* Info.plist */,
				C35EFCB2218697BB0050E0F3 /* main.m */,
				C35EFCDF2186A1290050E0F3 /* PrefixHeader.pch */,
			);
			path = PieDemo;
			sourceTree = "<group>";
		};
		C35EFCBB218697BB0050E0F3 /* PieDemoTests */ = {
			isa = PBXGroup;
			children = (
				C35EFCBC218697BB0050E0F3 /* PieDemoTests.m */,
				C35EFCBE218697BB0050E0F3 /* Info.plist */,
			);
			path = PieDemoTests;
			sourceTree = "<group>";
		};
		C35EFCC6218697BC0050E0F3 /* PieDemoUITests */ = {
			isa = PBXGroup;
			children = (
				C35EFCC7218697BC0050E0F3 /* PieDemoUITests.m */,
				C35EFCC9218697BC0050E0F3 /* Info.plist */,
			);
			path = PieDemoUITests;
			sourceTree = "<group>";
		};
		C35EFCD821869EB20050E0F3 /* CYUIKit */ = {
			isa = PBXGroup;
			children = (
				C35EFCD921869EB20050E0F3 /* CYPieView.m */,
				C35EFCDA21869EB20050E0F3 /* CYPieView.h */,
				C342F700218C2FC500F38897 /* CYFPSLabel.h */,
				C342F701218C2FC500F38897 /* CYFPSLabel.m */,
			);
			path = CYUIKit;
			sourceTree = "<group>";
		};
/* End PBXGroup section */

/* Begin PBXNativeTarget section */
		C35EFC9F218697B50050E0F3 /* PieDemo */ = {
			isa = PBXNativeTarget;
			buildConfigurationList = C35EFCCC218697BC0050E0F3 /* Build configuration list for PBXNativeTarget "PieDemo" */;
			buildPhases = (
				C35EFC9C218697B50050E0F3 /* Sources */,
				C35EFC9D218697B50050E0F3 /* Frameworks */,
				C35EFC9E218697B50050E0F3 /* Resources */,
			);
			buildRules = (
			);
			dependencies = (
			);
			name = PieDemo;
			productName = PieDemo;
			productReference = C35EFCA0218697B50050E0F3 /* PieDemo.app */;
			productType = "com.apple.product-type.application";
		};
		C35EFCB7218697BB0050E0F3 /* PieDemoTests */ = {
			isa = PBXNativeTarget;
			buildConfigurationList = C35EFCCF218697BC0050E0F3 /* Build configuration list for PBXNativeTarget "PieDemoTests" */;
			buildPhases = (
				C35EFCB4218697BB0050E0F3 /* Sources */,
				C35EFCB5218697BB0050E0F3 /* Frameworks */,
				C35EFCB6218697BB0050E0F3 /* Resources */,
			);
			buildRules = (
			);
			dependencies = (
				C35EFCBA218697BB0050E0F3 /* PBXTargetDependency */,
			);
			name = PieDemoTests;
			productName = PieDemoTests;
			productReference = C35EFCB8218697BB0050E0F3 /* PieDemoTests.xctest */;
			productType = "com.apple.product-type.bundle.unit-test";
		};
		C35EFCC2218697BC0050E0F3 /* PieDemoUITests */ = {
			isa = PBXNativeTarget;
			buildConfigurationList = C35EFCD2218697BC0050E0F3 /* Build configuration list for PBXNativeTarget "PieDemoUITests" */;
			buildPhases = (
				C35EFCBF218697BC0050E0F3 /* Sources */,
				C35EFCC0218697BC0050E0F3 /* Frameworks */,
				C35EFCC1218697BC0050E0F3 /* Resources */,
			);
			buildRules = (
			);
			dependencies = (
				C35EFCC5218697BC0050E0F3 /* PBXTargetDependency */,
			);
			name = PieDemoUITests;
			productName = PieDemoUITests;
			productReference = C35EFCC3218697BC0050E0F3 /* PieDemoUITests.xctest */;
			productType = "com.apple.product-type.bundle.ui-testing";
		};
/* End PBXNativeTarget section */

/* Begin PBXProject section */
		C35EFC98218697B50050E0F3 /* Project object */ = {
			isa = PBXProject;
			attributes = {
				LastUpgradeCheck = 1000;
				ORGANIZATIONNAME = "Cy Lou";
				TargetAttributes = {
					C35EFC9F218697B50050E0F3 = {
						CreatedOnToolsVersion = 10.0;
					};
					C35EFCB7218697BB0050E0F3 = {
						CreatedOnToolsVersion = 10.0;
						TestTargetID = C35EFC9F218697B50050E0F3;
					};
					C35EFCC2218697BC0050E0F3 = {
						CreatedOnToolsVersion = 10.0;
						TestTargetID = C35EFC9F218697B50050E0F3;
					};
				};
			};
			buildConfigurationList = C35EFC9B218697B50050E0F3 /* Build configuration list for PBXProject "PieDemo" */;
			compatibilityVersion = "Xcode 9.3";
			developmentRegion = en;
			hasScannedForEncodings = 0;
			knownRegions = (
				en,
				Base,
			);
			mainGroup = C35EFC97218697B50050E0F3;
			productRefGroup = C35EFCA1218697B50050E0F3 /* Products */;
			projectDirPath = "";
			projectRoot = "";
			targets = (
				C35EFC9F218697B50050E0F3 /* PieDemo */,
				C35EFCB7218697BB0050E0F3 /* PieDemoTests */,
				C35EFCC2218697BC0050E0F3 /* PieDemoUITests */,
			);
		};
/* End PBXProject section */

/* Begin PBXResourcesBuildPhase section */
		C35EFC9E218697B50050E0F3 /* Resources */ = {
			isa = PBXResourcesBuildPhase;
			buildActionMask = 2147483647;
			files = (
				C35EFCB0218697BB0050E0F3 /* LaunchScreen.storyboard in Resources */,
				C342F6F8218AAAEC00F38897 /* cy_trace_command.json in Resources */,
				C35EFCAD218697BB0050E0F3 /* Assets.xcassets in Resources */,
				C35EFCAB218697B60050E0F3 /* Main.storyboard in Resources */,
			);
			runOnlyForDeploymentPostprocessing = 0;
		};
		C35EFCB6218697BB0050E0F3 /* Resources */ = {
			isa = PBXResourcesBuildPhase;
			buildActionMask = 2147483647;
			files = (
			);
			runOnlyForDeploymentPostprocessing = 0;
		};
		C35EFCC1218697BC0050E0F3 /* Resources */ = {
			isa = PBXResourcesBuildPhase;
			buildActionMask = 2147483647;
			files = (
			);
			runOnlyForDeploymentPostprocessing = 0;
		};
/* End PBXResourcesBuildPhase section */

/* Begin PBXSourcesBuildPhase section */
		C35EFC9C218697B50050E0F3 /* Sources */ = {
			isa = PBXSourcesBuildPhase;
			buildActionMask = 2147483647;
			files = (
				C3F3199B219D460500CD2FA9 /* TableViewController.m in Sources */,
				C33C72D72189FA0600850A42 /* UITabBarController+CYPush.m in Sources */,
				C35EFCA8218697B60050E0F3 /* ViewController.m in Sources */,
				C342F70721952F3D00F38897 /* UITableViewCell+CYSelCell.m in Sources */,
				C33C72D02189FA0600850A42 /* UINavigationController+CYPushPop.m in Sources */,
				C33C72CF2189FA0600850A42 /* UIViewController+CYViewPush.m in Sources */,
				C33C72D22189FA0600850A42 /* CYNodeManager.m in Sources */,
				C35EFCE52187ED030050E0F3 /* CYButton.m in Sources */,
				C35EFCB3218697BB0050E0F3 /* main.m in Sources */,
				C3F31995219D3F0100CD2FA9 /* CollectionViewController.m in Sources */,
				C342F702218C2FC500F38897 /* CYFPSLabel.m in Sources */,
				C33C72D82189FA0600850A42 /* UIImage+SaveImageName.m in Sources */,
				C35EFCDE21869EFB0050E0F3 /* RouteManager.m in Sources */,
				C3F3199E219D463800CD2FA9 /* TableViewCell.m in Sources */,
				C33C72D12189FA0600850A42 /* CYTrackingManager.m in Sources */,
				C35EFCA5218697B50050E0F3 /* AppDelegate.m in Sources */,
				C33C72D32189FA0600850A42 /* UITabBarItem+CYSelect.m in Sources */,
				C33C72D52189FA0600850A42 /* UITabBar+CYSelectVC.m in Sources */,
				C33C72D62189FA0600850A42 /* UIButton+SaveImageName.m in Sources */,
				C342F6B92188D3B100F38897 /* UIViewController+addMethod.m in Sources */,
				C33C72D42189FA0600850A42 /* UIApplication+CYClick.m in Sources */,
				C35EFCDB21869EB20050E0F3 /* CYPieView.m in Sources */,
				C3F31998219D421B00CD2FA9 /* CollectionViewCell.m in Sources */,
				C342F6BC2188D85500F38897 /* TestObj.m in Sources */,
			);
			runOnlyForDeploymentPostprocessing = 0;
		};
		C35EFCB4218697BB0050E0F3 /* Sources */ = {
			isa = PBXSourcesBuildPhase;
			buildActionMask = 2147483647;
			files = (
				C35EFCBD218697BB0050E0F3 /* PieDemoTests.m in Sources */,
			);
			runOnlyForDeploymentPostprocessing = 0;
		};
		C35EFCBF218697BC0050E0F3 /* Sources */ = {
			isa = PBXSourcesBuildPhase;
			buildActionMask = 2147483647;
			files = (
				C35EFCC8218697BC0050E0F3 /* PieDemoUITests.m in Sources */,
			);
			runOnlyForDeploymentPostprocessing = 0;
		};
/* End PBXSourcesBuildPhase section */

/* Begin PBXTargetDependency section */
		C35EFCBA218697BB0050E0F3 /* PBXTargetDependency */ = {
			isa = PBXTargetDependency;
			target = C35EFC9F218697B50050E0F3 /* PieDemo */;
			targetProxy = C35EFCB9218697BB0050E0F3 /* PBXContainerItemProxy */;
		};
		C35EFCC5218697BC0050E0F3 /* PBXTargetDependency */ = {
			isa = PBXTargetDependency;
			target = C35EFC9F218697B50050E0F3 /* PieDemo */;
			targetProxy = C35EFCC4218697BC0050E0F3 /* PBXContainerItemProxy */;
		};
/* End PBXTargetDependency section */

/* Begin PBXVariantGroup section */
		C35EFCA9218697B60050E0F3 /* Main.storyboard */ = {
			isa = PBXVariantGroup;
			children = (
				C35EFCAA218697B60050E0F3 /* Base */,
			);
			name = Main.storyboard;
			sourceTree = "<group>";
		};
		C35EFCAE218697BB0050E0F3 /* LaunchScreen.storyboard */ = {
			isa = PBXVariantGroup;
			children = (
				C35EFCAF218697BB0050E0F3 /* Base */,
			);
			name = LaunchScreen.storyboard;
			sourceTree = "<group>";
		};
/* End PBXVariantGroup section */

/* Begin XCBuildConfiguration section */
		C35EFCCA218697BC0050E0F3 /* Debug */ = {
			isa = XCBuildConfiguration;
			buildSettings = {
				ALWAYS_SEARCH_USER_PATHS = NO;
				CLANG_ANALYZER_NONNULL = YES;
				CLANG_ANALYZER_NUMBER_OBJECT_CONVERSION = YES_AGGRESSIVE;
				CLANG_CXX_LANGUAGE_STANDARD = "gnu++14";
				CLANG_CXX_LIBRARY = "libc++";
				CLANG_ENABLE_MODULES = YES;
				CLANG_ENABLE_OBJC_ARC = YES;
				CLANG_ENABLE_OBJC_WEAK = YES;
				CLANG_WARN_BLOCK_CAPTURE_AUTORELEASING = YES;
				CLANG_WARN_BOOL_CONVERSION = YES;
				CLANG_WARN_COMMA = YES;
				CLANG_WARN_CONSTANT_CONVERSION = YES;
				CLANG_WARN_DEPRECATED_OBJC_IMPLEMENTATIONS = YES;
				CLANG_WARN_DIRECT_OBJC_ISA_USAGE = YES_ERROR;
				CLANG_WARN_DOCUMENTATION_COMMENTS = YES;
				CLANG_WARN_EMPTY_BODY = YES;
				CLANG_WARN_ENUM_CONVERSION = YES;
				CLANG_WARN_INFINITE_RECURSION = YES;
				CLANG_WARN_INT_CONVERSION = YES;
				CLANG_WARN_NON_LITERAL_NULL_CONVERSION = YES;
				CLANG_WARN_OBJC_IMPLICIT_RETAIN_SELF = YES;
				CLANG_WARN_OBJC_LITERAL_CONVERSION = YES;
				CLANG_WARN_OBJC_ROOT_CLASS = YES_ERROR;
				CLANG_WARN_RANGE_LOOP_ANALYSIS = YES;
				CLANG_WARN_STRICT_PROTOTYPES = YES;
				CLANG_WARN_SUSPICIOUS_MOVE = YES;
				CLANG_WARN_UNGUARDED_AVAILABILITY = YES_AGGRESSIVE;
				CLANG_WARN_UNREACHABLE_CODE = YES;
				CLANG_WARN__DUPLICATE_METHOD_MATCH = YES;
				CODE_SIGN_IDENTITY = "iPhone Developer";
				COPY_PHASE_STRIP = NO;
				DEBUG_INFORMATION_FORMAT = dwarf;
				ENABLE_STRICT_OBJC_MSGSEND = YES;
				ENABLE_TESTABILITY = YES;
				GCC_C_LANGUAGE_STANDARD = gnu11;
				GCC_DYNAMIC_NO_PIC = NO;
				GCC_NO_COMMON_BLOCKS = YES;
				GCC_OPTIMIZATION_LEVEL = 0;
				GCC_PREPROCESSOR_DEFINITIONS = (
					"DEBUG=1",
					"$(inherited)",
				);
				GCC_WARN_64_TO_32_BIT_CONVERSION = YES;
				GCC_WARN_ABOUT_RETURN_TYPE = YES_ERROR;
				GCC_WARN_UNDECLARED_SELECTOR = YES;
				GCC_WARN_UNINITIALIZED_AUTOS = YES_AGGRESSIVE;
				GCC_WARN_UNUSED_FUNCTION = YES;
				GCC_WARN_UNUSED_VARIABLE = YES;
				IPHONEOS_DEPLOYMENT_TARGET = 12.0;
				MTL_ENABLE_DEBUG_INFO = INCLUDE_SOURCE;
				MTL_FAST_MATH = YES;
				ONLY_ACTIVE_ARCH = YES;
				SDKROOT = iphoneos;
			};
			name = Debug;
		};
		C35EFCCB218697BC0050E0F3 /* Release */ = {
			isa = XCBuildConfiguration;
			buildSettings = {
				ALWAYS_SEARCH_USER_PATHS = NO;
				CLANG_ANALYZER_NONNULL = YES;
				CLANG_ANALYZER_NUMBER_OBJECT_CONVERSION = YES_AGGRESSIVE;
				CLANG_CXX_LANGUAGE_STANDARD = "gnu++14";
				CLANG_CXX_LIBRARY = "libc++";
				CLANG_ENABLE_MODULES = YES;
				CLANG_ENABLE_OBJC_ARC = YES;
				CLANG_ENABLE_OBJC_WEAK = YES;
				CLANG_WARN_BLOCK_CAPTURE_AUTORELEASING = YES;
				CLANG_WARN_BOOL_CONVERSION = YES;
				CLANG_WARN_COMMA = YES;
				CLANG_WARN_CONSTANT_CONVERSION = YES;
				CLANG_WARN_DEPRECATED_OBJC_IMPLEMENTATIONS = YES;
				CLANG_WARN_DIRECT_OBJC_ISA_USAGE = YES_ERROR;
				CLANG_WARN_DOCUMENTATION_COMMENTS = YES;
				CLANG_WARN_EMPTY_BODY = YES;
				CLANG_WARN_ENUM_CONVERSION = YES;
				CLANG_WARN_INFINITE_RECURSION = YES;
				CLANG_WARN_INT_CONVERSION = YES;
				CLANG_WARN_NON_LITERAL_NULL_CONVERSION = YES;
				CLANG_WARN_OBJC_IMPLICIT_RETAIN_SELF = YES;
				CLANG_WARN_OBJC_LITERAL_CONVERSION = YES;
				CLANG_WARN_OBJC_ROOT_CLASS = YES_ERROR;
				CLANG_WARN_RANGE_LOOP_ANALYSIS = YES;
				CLANG_WARN_STRICT_PROTOTYPES = YES;
				CLANG_WARN_SUSPICIOUS_MOVE = YES;
				CLANG_WARN_UNGUARDED_AVAILABILITY = YES_AGGRESSIVE;
				CLANG_WARN_UNREACHABLE_CODE = YES;
				CLANG_WARN__DUPLICATE_METHOD_MATCH = YES;
				CODE_SIGN_IDENTITY = "iPhone Developer";
				COPY_PHASE_STRIP = NO;
				DEBUG_INFORMATION_FORMAT = "dwarf-with-dsym";
				ENABLE_NS_ASSERTIONS = NO;
				ENABLE_STRICT_OBJC_MSGSEND = YES;
				GCC_C_LANGUAGE_STANDARD = gnu11;
				GCC_NO_COMMON_BLOCKS = YES;
				GCC_WARN_64_TO_32_BIT_CONVERSION = YES;
				GCC_WARN_ABOUT_RETURN_TYPE = YES_ERROR;
				GCC_WARN_UNDECLARED_SELECTOR = YES;
				GCC_WARN_UNINITIALIZED_AUTOS = YES_AGGRESSIVE;
				GCC_WARN_UNUSED_FUNCTION = YES;
				GCC_WARN_UNUSED_VARIABLE = YES;
				IPHONEOS_DEPLOYMENT_TARGET = 12.0;
				MTL_ENABLE_DEBUG_INFO = NO;
				MTL_FAST_MATH = YES;
				SDKROOT = iphoneos;
				VALIDATE_PRODUCT = YES;
			};
			name = Release;
		};
		C35EFCCD218697BC0050E0F3 /* Debug */ = {
			isa = XCBuildConfiguration;
			buildSettings = {
				ASSETCATALOG_COMPILER_APPICON_NAME = AppIcon;
				CODE_SIGN_STYLE = Automatic;
				DEVELOPMENT_TEAM = P3922CJGWW;
				GCC_PREFIX_HEADER = PieDemo/PrefixHeader.pch;
				INFOPLIST_FILE = PieDemo/Info.plist;
				IPHONEOS_DEPLOYMENT_TARGET = 10.3;
				LD_RUNPATH_SEARCH_PATHS = (
					"$(inherited)",
					"@executable_path/Frameworks",
				);
				PRODUCT_BUNDLE_IDENTIFIER = com.somnic.demo.scene;
				PRODUCT_NAME = "$(TARGET_NAME)";
				TARGETED_DEVICE_FAMILY = "1,2";
			};
			name = Debug;
		};
		C35EFCCE218697BC0050E0F3 /* Release */ = {
			isa = XCBuildConfiguration;
			buildSettings = {
				ASSETCATALOG_COMPILER_APPICON_NAME = AppIcon;
				CODE_SIGN_STYLE = Automatic;
				DEVELOPMENT_TEAM = P3922CJGWW;
				GCC_PREFIX_HEADER = PieDemo/PrefixHeader.pch;
				INFOPLIST_FILE = PieDemo/Info.plist;
				IPHONEOS_DEPLOYMENT_TARGET = 10.3;
				LD_RUNPATH_SEARCH_PATHS = (
					"$(inherited)",
					"@executable_path/Frameworks",
				);
				PRODUCT_BUNDLE_IDENTIFIER = com.somnic.demo.scene;
				PRODUCT_NAME = "$(TARGET_NAME)";
				TARGETED_DEVICE_FAMILY = "1,2";
			};
			name = Release;
		};
		C35EFCD0218697BC0050E0F3 /* Debug */ = {
			isa = XCBuildConfiguration;
			buildSettings = {
				BUNDLE_LOADER = "$(TEST_HOST)";
				CODE_SIGN_STYLE = Automatic;
				INFOPLIST_FILE = PieDemoTests/Info.plist;
				LD_RUNPATH_SEARCH_PATHS = (
					"$(inherited)",
					"@executable_path/Frameworks",
					"@loader_path/Frameworks",
				);
				PRODUCT_BUNDLE_IDENTIFIER = com.somnic.demo.scene.PieDemoTests;
				PRODUCT_NAME = "$(TARGET_NAME)";
				TARGETED_DEVICE_FAMILY = "1,2";
				TEST_HOST = "$(BUILT_PRODUCTS_DIR)/PieDemo.app/PieDemo";
			};
			name = Debug;
		};
		C35EFCD1218697BC0050E0F3 /* Release */ = {
			isa = XCBuildConfiguration;
			buildSettings = {
				BUNDLE_LOADER = "$(TEST_HOST)";
				CODE_SIGN_STYLE = Automatic;
				INFOPLIST_FILE = PieDemoTests/Info.plist;
				LD_RUNPATH_SEARCH_PATHS = (
					"$(inherited)",
					"@executable_path/Frameworks",
					"@loader_path/Frameworks",
				);
				PRODUCT_BUNDLE_IDENTIFIER = com.somnic.demo.scene.PieDemoTests;
				PRODUCT_NAME = "$(TARGET_NAME)";
				TARGETED_DEVICE_FAMILY = "1,2";
				TEST_HOST = "$(BUILT_PRODUCTS_DIR)/PieDemo.app/PieDemo";
			};
			name = Release;
		};
		C35EFCD3218697BC0050E0F3 /* Debug */ = {
			isa = XCBuildConfiguration;
			buildSettings = {
				CODE_SIGN_STYLE = Automatic;
				INFOPLIST_FILE = PieDemoUITests/Info.plist;
				LD_RUNPATH_SEARCH_PATHS = (
					"$(inherited)",
					"@executable_path/Frameworks",
					"@loader_path/Frameworks",
				);
				PRODUCT_BUNDLE_IDENTIFIER = com.somnic.demo.scene.PieDemoUITests;
				PRODUCT_NAME = "$(TARGET_NAME)";
				TARGETED_DEVICE_FAMILY = "1,2";
				TEST_TARGET_NAME = PieDemo;
			};
			name = Debug;
		};
		C35EFCD4218697BC0050E0F3 /* Release */ = {
			isa = XCBuildConfiguration;
			buildSettings = {
				CODE_SIGN_STYLE = Automatic;
				INFOPLIST_FILE = PieDemoUITests/Info.plist;
				LD_RUNPATH_SEARCH_PATHS = (
					"$(inherited)",
					"@executable_path/Frameworks",
					"@loader_path/Frameworks",
				);
				PRODUCT_BUNDLE_IDENTIFIER = com.somnic.demo.scene.PieDemoUITests;
				PRODUCT_NAME = "$(TARGET_NAME)";
				TARGETED_DEVICE_FAMILY = "1,2";
				TEST_TARGET_NAME = PieDemo;
			};
			name = Release;
		};
/* End XCBuildConfiguration section */

/* Begin XCConfigurationList section */
		C35EFC9B218697B50050E0F3 /* Build configuration list for PBXProject "PieDemo" */ = {
			isa = XCConfigurationList;
			buildConfigurations = (
				C35EFCCA218697BC0050E0F3 /* Debug */,
				C35EFCCB218697BC0050E0F3 /* Release */,
			);
			defaultConfigurationIsVisible = 0;
			defaultConfigurationName = Release;
		};
		C35EFCCC218697BC0050E0F3 /* Build configuration list for PBXNativeTarget "PieDemo" */ = {
			isa = XCConfigurationList;
			buildConfigurations = (
				C35EFCCD218697BC0050E0F3 /* Debug */,
				C35EFCCE218697BC0050E0F3 /* Release */,
			);
			defaultConfigurationIsVisible = 0;
			defaultConfigurationName = Release;
		};
		C35EFCCF218697BC0050E0F3 /* Build configuration list for PBXNativeTarget "PieDemoTests" */ = {
			isa = XCConfigurationList;
			buildConfigurations = (
				C35EFCD0218697BC0050E0F3 /* Debug */,
				C35EFCD1218697BC0050E0F3 /* Release */,
			);
			defaultConfigurationIsVisible = 0;
			defaultConfigurationName = Release;
		};
		C35EFCD2218697BC0050E0F3 /* Build configuration list for PBXNativeTarget "PieDemoUITests" */ = {
			isa = XCConfigurationList;
			buildConfigurations = (
				C35EFCD3218697BC0050E0F3 /* Debug */,
				C35EFCD4218697BC0050E0F3 /* Release */,
			);
			defaultConfigurationIsVisible = 0;
			defaultConfigurationName = Release;
		};
/* End XCConfigurationList section */
	};
	rootObject = C35EFC98218697B50050E0F3 /* Project object */;
}
